
Microsoft Visual Studio Solution File, Format Version 12.00
# Visual Studio 2013
VisualStudioVersion = 12.0.31101.0
MinimumVisualStudioVersion = 10.0.40219.1
Project("{2150E333-8FDC-42A3-9474-1A3956D46DE8}") = "Tests", "Tests", "{F40E3DA2-D968-495F-856C-0C4CCD70E9B0}"
EndProject
Project("{FAE04EC0-301F-11D3-BF4B-00C04F79EFBC}") = "Core", "Core\Core.csproj", "{2889B1D5-6108-476C-8753-3DD534357232}"
EndProject
Project("{FAE04EC0-301F-11D3-BF4B-00C04F79EFBC}") = "Azure", "Azure\Azure.csproj", "{03E9DD3B-9E19-4229-8248-D2CA8868227C}"
EndProject
Project("{FAE04EC0-301F-11D3-BF4B-00C04F79EFBC}") = "Core.Tests", "Core.Tests\Core.Tests.csproj", "{CFDC78DF-4B6B-4E72-B491-03527EFA2135}"
EndProject
Project("{FAE04EC0-301F-11D3-BF4B-00C04F79EFBC}") = "Serializers", "Serializers\Serializers.csproj", "{62991180-D8E6-491F-8235-9ECEC06E5631}"
EndProject
Global
	GlobalSection(SolutionConfigurationPlatforms) = preSolution
		Debug|Any CPU = Debug|Any CPU
		Release|Any CPU = Release|Any CPU
	EndGlobalSection
	GlobalSection(ProjectConfigurationPlatforms) = postSolution
		{2889B1D5-6108-476C-8753-3DD534357232}.Debug|Any CPU.ActiveCfg = Debug|Any CPU
		{2889B1D5-6108-476C-8753-3DD534357232}.Debug|Any CPU.Build.0 = Debug|Any CPU
		{2889B1D5-6108-476C-8753-3DD534357232}.Release|Any CPU.ActiveCfg = Release|Any CPU
		{2889B1D5-6108-476C-8753-3DD534357232}.Release|Any CPU.Build.0 = Release|Any CPU
		{03E9DD3B-9E19-4229-8248-D2CA8868227C}.Debug|Any CPU.ActiveCfg = Debug|Any CPU
		{03E9DD3B-9E19-4229-8248-D2CA8868227C}.Debug|Any CPU.Build.0 = Debug|Any CPU
		{03E9DD3B-9E19-4229-8248-D2CA8868227C}.Release|Any CPU.ActiveCfg = Release|Any CPU
		{03E9DD3B-9E19-4229-8248-D2CA8868227C}.Release|Any CPU.Build.0 = Release|Any CPU
		{CFDC78DF-4B6B-4E72-B491-03527EFA2135}.Debug|Any CPU.ActiveCfg = Debug|Any CPU
		{CFDC78DF-4B6B-4E72-B491-03527EFA2135}.Debug|Any CPU.Build.0 = Debug|Any CPU
		{CFDC78DF-4B6B-4E72-B491-03527EFA2135}.Release|Any CPU.ActiveCfg = Release|Any CPU
		{CFDC78DF-4B6B-4E72-B491-03527EFA2135}.Release|Any CPU.Build.0 = Release|Any CPU
		{62991180-D8E6-491F-8235-9ECEC06E5631}.Debug|Any CPU.ActiveCfg = Debug|Any CPU
		{62991180-D8E6-491F-8235-9ECEC06E5631}.Debug|Any CPU.Build.0 = Debug|Any CPU
		{62991180-D8E6-491F-8235-9ECEC06E5631}.Release|Any CPU.ActiveCfg = Release|Any CPU
		{62991180-D8E6-491F-8235-9ECEC06E5631}.Release|Any CPU.Build.0 = Release|Any CPU
	EndGlobalSection
	GlobalSection(SolutionProperties) = preSolution
		HideSolutionNode = FALSE
	EndGlobalSection
	GlobalSection(NestedProjects) = preSolution
		{CFDC78DF-4B6B-4E72-B491-03527EFA2135} = {F40E3DA2-D968-495F-856C-0C4CCD70E9B0}
	EndGlobalSection
EndGlobal
